
Microsoft Visual Studio Solution File, Format Version 12.00
# Visual Studio Version 16
VisualStudioVersion = 16.0.30523.141
MinimumVisualStudioVersion = 10.0.40219.1
Project("{9A19103F-16F7-4668-BE54-9A1E7A4F7556}") = "Task01", "Task01\Task01.csproj", "{4F5DF28C-61C3-4070-B6EF-28C13B5B7D2A}"
EndProject
Project("{9A19103F-16F7-4668-BE54-9A1E7A4F7556}") = "Task02", "Task02\Task02.csproj", "{C38F05F6-8BFE-478D-971D-7A33380A6A2C}"
EndProject
Project("{9A19103F-16F7-4668-BE54-9A1E7A4F7556}") = "Task03", "Task03\Task03.csproj", "{59AC25F0-EDDA-43D8-93C2-E2C857A8193A}"
EndProject
Project("{9A19103F-16F7-4668-BE54-9A1E7A4F7556}") = "Task04", "Task04\Task04.csproj", "{FD640376-EAEE-43E0-AE60-8B5D2AE7F15C}"
EndProject
Project("{9A19103F-16F7-4668-BE54-9A1E7A4F7556}") = "Task05", "Task05\Task05.csproj", "{20FD3EA2-784F-4F2C-B47D-6CF6FC8B78AA}"
EndProject
Project("{9A19103F-16F7-4668-BE54-9A1E7A4F7556}") = "Task06", "Task06\Task06.csproj", "{6073603A-C4EC-4C51-BE76-3CC25A9438CB}"
EndProject
Project("{9A19103F-16F7-4668-BE54-9A1E7A4F7556}") = "Task07", "Task07\Task07.csproj", "{0A9432EF-FDF4-46C1-B3C1-7D9EB1D01FBE}"
EndProject
Project("{9A19103F-16F7-4668-BE54-9A1E7A4F7556}") = "Task08", "Task08\Task08.csproj", "{40C8AFB3-F239-4980-9264-2814B76ED18A}"
EndProject
Project("{9A19103F-16F7-4668-BE54-9A1E7A4F7556}") = "Task09", "Task09\Task09.csproj", "{91B5A776-ABE3-48E9-904F-4D4B6BD19F6C}"
EndProject
Project("{9A19103F-16F7-4668-BE54-9A1E7A4F7556}") = "Task10", "Task10\Task10.csproj", "{4FA2F866-D555-4C01-A8A1-4595D3EEACD2}"
EndProject
Project("{9A19103F-16F7-4668-BE54-9A1E7A4F7556}") = "Task11", "Task11\Task11.csproj", "{A763ECDB-5278-476C-B285-1AD4C1EECCB9}"
EndProject
Project("{9A19103F-16F7-4668-BE54-9A1E7A4F7556}") = "Task12", "Task12\Task12.csproj", "{F4828A0D-93CA-41CC-A44C-15B9DE894411}"
EndProject
Project("{9A19103F-16F7-4668-BE54-9A1E7A4F7556}") = "Task13", "Task13\Task13.csproj", "{0237C9EF-C921-4ECC-9A8A-0F7C52C3B27B}"
EndProject
Project("{FAE04EC0-301F-11D3-BF4B-00C04F79EFBC}") = "TaskTest", "TaskTest\TaskTest.csproj", "{E6E6EDE9-A310-40C6-B45F-64A3D1C17AAB}"
EndProject
Global
	GlobalSection(SolutionConfigurationPlatforms) = preSolution
		Debug|Any CPU = Debug|Any CPU
		Release|Any CPU = Release|Any CPU
	EndGlobalSection
	GlobalSection(ProjectConfigurationPlatforms) = postSolution
		{4F5DF28C-61C3-4070-B6EF-28C13B5B7D2A}.Debug|Any CPU.ActiveCfg = Debug|Any CPU
		{4F5DF28C-61C3-4070-B6EF-28C13B5B7D2A}.Debug|Any CPU.Build.0 = Debug|Any CPU
		{4F5DF28C-61C3-4070-B6EF-28C13B5B7D2A}.Release|Any CPU.ActiveCfg = Release|Any CPU
		{4F5DF28C-61C3-4070-B6EF-28C13B5B7D2A}.Release|Any CPU.Build.0 = Release|Any CPU
		{C38F05F6-8BFE-478D-971D-7A33380A6A2C}.Debug|Any CPU.ActiveCfg = Debug|Any CPU
		{C38F05F6-8BFE-478D-971D-7A33380A6A2C}.Debug|Any CPU.Build.0 = Debug|Any CPU
		{C38F05F6-8BFE-478D-971D-7A33380A6A2C}.Release|Any CPU.ActiveCfg = Release|Any CPU
		{C38F05F6-8BFE-478D-971D-7A33380A6A2C}.Release|Any CPU.Build.0 = Release|Any CPU
		{59AC25F0-EDDA-43D8-93C2-E2C857A8193A}.Debug|Any CPU.ActiveCfg = Debug|Any CPU
		{59AC25F0-EDDA-43D8-93C2-E2C857A8193A}.Debug|Any CPU.Build.0 = Debug|Any CPU
		{59AC25F0-EDDA-43D8-93C2-E2C857A8193A}.Release|Any CPU.ActiveCfg = Release|Any CPU
		{59AC25F0-EDDA-43D8-93C2-E2C857A8193A}.Release|Any CPU.Build.0 = Release|Any CPU
		{FD640376-EAEE-43E0-AE60-8B5D2AE7F15C}.Debug|Any CPU.ActiveCfg = Debug|Any CPU
		{FD640376-EAEE-43E0-AE60-8B5D2AE7F15C}.Debug|Any CPU.Build.0 = Debug|Any CPU
		{FD640376-EAEE-43E0-AE60-8B5D2AE7F15C}.Release|Any CPU.ActiveCfg = Release|Any CPU
		{FD640376-EAEE-43E0-AE60-8B5D2AE7F15C}.Release|Any CPU.Build.0 = Release|Any CPU
		{20FD3EA2-784F-4F2C-B47D-6CF6FC8B78AA}.Debug|Any CPU.ActiveCfg = Debug|Any CPU
		{20FD3EA2-784F-4F2C-B47D-6CF6FC8B78AA}.Debug|Any CPU.Build.0 = Debug|Any CPU
		{20FD3EA2-784F-4F2C-B47D-6CF6FC8B78AA}.Release|Any CPU.ActiveCfg = Release|Any CPU
		{20FD3EA2-784F-4F2C-B47D-6CF6FC8B78AA}.Release|Any CPU.Build.0 = Release|Any CPU
		{6073603A-C4EC-4C51-BE76-3CC25A9438CB}.Debug|Any CPU.ActiveCfg = Debug|Any CPU
		{6073603A-C4EC-4C51-BE76-3CC25A9438CB}.Debug|Any CPU.Build.0 = Debug|Any CPU
		{6073603A-C4EC-4C51-BE76-3CC25A9438CB}.Release|Any CPU.ActiveCfg = Release|Any CPU
		{6073603A-C4EC-4C51-BE76-3CC25A9438CB}.Release|Any CPU.Build.0 = Release|Any CPU
		{0A9432EF-FDF4-46C1-B3C1-7D9EB1D01FBE}.Debug|Any CPU.ActiveCfg = Debug|Any CPU
		{0A9432EF-FDF4-46C1-B3C1-7D9EB1D01FBE}.Debug|Any CPU.Build.0 = Debug|Any CPU
		{0A9432EF-FDF4-46C1-B3C1-7D9EB1D01FBE}.Release|Any CPU.ActiveCfg = Release|Any CPU
		{0A9432EF-FDF4-46C1-B3C1-7D9EB1D01FBE}.Release|Any CPU.Build.0 = Release|Any CPU
		{40C8AFB3-F239-4980-9264-2814B76ED18A}.Debug|Any CPU.ActiveCfg = Debug|Any CPU
		{40C8AFB3-F239-4980-9264-2814B76ED18A}.Debug|Any CPU.Build.0 = Debug|Any CPU
		{40C8AFB3-F239-4980-9264-2814B76ED18A}.Release|Any CPU.ActiveCfg = Release|Any CPU
		{40C8AFB3-F239-4980-9264-2814B76ED18A}.Release|Any CPU.Build.0 = Release|Any CPU
		{91B5A776-ABE3-48E9-904F-4D4B6BD19F6C}.Debug|Any CPU.ActiveCfg = Debug|Any CPU
		{91B5A776-ABE3-48E9-904F-4D4B6BD19F6C}.Debug|Any CPU.Build.0 = Debug|Any CPU
		{91B5A776-ABE3-48E9-904F-4D4B6BD19F6C}.Release|Any CPU.ActiveCfg = Release|Any CPU
		{91B5A776-ABE3-48E9-904F-4D4B6BD19F6C}.Release|Any CPU.Build.0 = Release|Any CPU
		{4FA2F866-D555-4C01-A8A1-4595D3EEACD2}.Debug|Any CPU.ActiveCfg = Debug|Any CPU
		{4FA2F866-D555-4C01-A8A1-4595D3EEACD2}.Debug|Any CPU.Build.0 = Debug|Any CPU
		{4FA2F866-D555-4C01-A8A1-4595D3EEACD2}.Release|Any CPU.ActiveCfg = Release|Any CPU
		{4FA2F866-D555-4C01-A8A1-4595D3EEACD2}.Release|Any CPU.Build.0 = Release|Any CPU
		{A763ECDB-5278-476C-B285-1AD4C1EECCB9}.Debug|Any CPU.ActiveCfg = Debug|Any CPU
		{A763ECDB-5278-476C-B285-1AD4C1EECCB9}.Debug|Any CPU.Build.0 = Debug|Any CPU
		{A763ECDB-5278-476C-B285-1AD4C1EECCB9}.Release|Any CPU.ActiveCfg = Release|Any CPU
		{A763ECDB-5278-476C-B285-1AD4C1EECCB9}.Release|Any CPU.Build.0 = Release|Any CPU
		{F4828A0D-93CA-41CC-A44C-15B9DE894411}.Debug|Any CPU.ActiveCfg = Debug|Any CPU
		{F4828A0D-93CA-41CC-A44C-15B9DE894411}.Debug|Any CPU.Build.0 = Debug|Any CPU
		{F4828A0D-93CA-41CC-A44C-15B9DE894411}.Release|Any CPU.ActiveCfg = Release|Any CPU
		{F4828A0D-93CA-41CC-A44C-15B9DE894411}.Release|Any CPU.Build.0 = Release|Any CPU
		{0237C9EF-C921-4ECC-9A8A-0F7C52C3B27B}.Debug|Any CPU.ActiveCfg = Debug|Any CPU
		{0237C9EF-C921-4ECC-9A8A-0F7C52C3B27B}.Debug|Any CPU.Build.0 = Debug|Any CPU
		{0237C9EF-C921-4ECC-9A8A-0F7C52C3B27B}.Release|Any CPU.ActiveCfg = Release|Any CPU
		{0237C9EF-C921-4ECC-9A8A-0F7C52C3B27B}.Release|Any CPU.Build.0 = Release|Any CPU
		{E6E6EDE9-A310-40C6-B45F-64A3D1C17AAB}.Debug|Any CPU.ActiveCfg = Debug|Any CPU
		{E6E6EDE9-A310-40C6-B45F-64A3D1C17AAB}.Debug|Any CPU.Build.0 = Debug|Any CPU
		{E6E6EDE9-A310-40C6-B45F-64A3D1C17AAB}.Release|Any CPU.ActiveCfg = Release|Any CPU
		{E6E6EDE9-A310-40C6-B45F-64A3D1C17AAB}.Release|Any CPU.Build.0 = Release|Any CPU
	EndGlobalSection
	GlobalSection(SolutionProperties) = preSolution
		HideSolutionNode = FALSE
	EndGlobalSection
	GlobalSection(ExtensibilityGlobals) = postSolution
		SolutionGuid = {C5FD7E2B-53F4-4C5B-A528-4654047D3F3C}
	EndGlobalSection
EndGlobal
